// !$*UTF8*$!
{
	archiveVersion = 1;
	classes = {
	};
	objectVersion = 56;
	objects = {

/* Begin PBXBuildFile section */
		EE41C26E2B9F543900E6D32E /* AppDelegate.swift in Sources */ = {isa = PBXBuildFile; fileRef = EE41C26D2B9F543900E6D32E /* AppDelegate.swift */; };
		EE41C2702B9F543900E6D32E /* SceneDelegate.swift in Sources */ = {isa = PBXBuildFile; fileRef = EE41C26F2B9F543900E6D32E /* SceneDelegate.swift */; };
		EE41C2772B9F543C00E6D32E /* Assets.xcassets in Resources */ = {isa = PBXBuildFile; fileRef = EE41C2762B9F543C00E6D32E /* Assets.xcassets */; };
		EE41C27A2B9F543C00E6D32E /* Base in Resources */ = {isa = PBXBuildFile; fileRef = EE41C2792B9F543C00E6D32E /* Base */; };
		EE41C2852B9F543D00E6D32E /* SearchableShowsTests.swift in Sources */ = {isa = PBXBuildFile; fileRef = EE41C2842B9F543D00E6D32E /* SearchableShowsTests.swift */; };
		EE41C28F2B9F543D00E6D32E /* SearchableShowsUITests.swift in Sources */ = {isa = PBXBuildFile; fileRef = EE41C28E2B9F543D00E6D32E /* SearchableShowsUITests.swift */; };
		EE41C2912B9F543D00E6D32E /* SearchableShowsUITestsLaunchTests.swift in Sources */ = {isa = PBXBuildFile; fileRef = EE41C2902B9F543D00E6D32E /* SearchableShowsUITestsLaunchTests.swift */; };
		EE41C29F2B9F569300E6D32E /* Loadable.swift in Sources */ = {isa = PBXBuildFile; fileRef = EE41C29E2B9F569300E6D32E /* Loadable.swift */; };
		EE41C2A12B9F56A500E6D32E /* Error.swift in Sources */ = {isa = PBXBuildFile; fileRef = EE41C2A02B9F56A500E6D32E /* Error.swift */; };
		EE41C2A42B9F56CE00E6D32E /* SectionUsecase.swift in Sources */ = {isa = PBXBuildFile; fileRef = EE41C2A32B9F56CE00E6D32E /* SectionUsecase.swift */; };
		EE41C2A62B9F56E500E6D32E /* AppDependencies.swift in Sources */ = {isa = PBXBuildFile; fileRef = EE41C2A52B9F56E500E6D32E /* AppDependencies.swift */; };
		EE41C2A82B9F56FA00E6D32E /* MovieResponseModel.swift in Sources */ = {isa = PBXBuildFile; fileRef = EE41C2A72B9F56FA00E6D32E /* MovieResponseModel.swift */; };
		EE41C2AB2B9F575300E6D32E /* SectionRepository.swift in Sources */ = {isa = PBXBuildFile; fileRef = EE41C2AA2B9F575300E6D32E /* SectionRepository.swift */; };
		EE41C2B02B9F578900E6D32E /* NetworkService.swift in Sources */ = {isa = PBXBuildFile; fileRef = EE41C2AF2B9F578900E6D32E /* NetworkService.swift */; };
		EE41C2B22B9F579A00E6D32E /* DataDecoder.swift in Sources */ = {isa = PBXBuildFile; fileRef = EE41C2B12B9F579A00E6D32E /* DataDecoder.swift */; };
		EE41C2B42B9F57B100E6D32E /* EndPointTarget.swift in Sources */ = {isa = PBXBuildFile; fileRef = EE41C2B32B9F57B100E6D32E /* EndPointTarget.swift */; };
		EE41C2B62B9F57C200E6D32E /* HTTPRequestProtocol.swift in Sources */ = {isa = PBXBuildFile; fileRef = EE41C2B52B9F57C200E6D32E /* HTTPRequestProtocol.swift */; };
		EE41C2B92B9F581800E6D32E /* MovieServiceEndPoint.swift in Sources */ = {isa = PBXBuildFile; fileRef = EE41C2B82B9F581800E6D32E /* MovieServiceEndPoint.swift */; };
		EE41C2BC2B9F583300E6D32E /* CacheManager.swift in Sources */ = {isa = PBXBuildFile; fileRef = EE41C2BB2B9F583300E6D32E /* CacheManager.swift */; };
		EE41C2C12B9F58B300E6D32E /* ListSection.swift in Sources */ = {isa = PBXBuildFile; fileRef = EE41C2C02B9F58B300E6D32E /* ListSection.swift */; };
		EE41C2C32B9F58CA00E6D32E /* MovieCollectionLayout.swift in Sources */ = {isa = PBXBuildFile; fileRef = EE41C2C22B9F58CA00E6D32E /* MovieCollectionLayout.swift */; };
		EE41C2C52B9F58DC00E6D32E /* CollectionDataSource.swift in Sources */ = {isa = PBXBuildFile; fileRef = EE41C2C42B9F58DC00E6D32E /* CollectionDataSource.swift */; };
		EE41C2C82B9F591600E6D32E /* MovieBannerView.swift in Sources */ = {isa = PBXBuildFile; fileRef = EE41C2C72B9F591600E6D32E /* MovieBannerView.swift */; };
		EE41C2CA2B9F593600E6D32E /* ListSectionViewModel.swift in Sources */ = {isa = PBXBuildFile; fileRef = EE41C2C92B9F593600E6D32E /* ListSectionViewModel.swift */; };
		EE41C2CC2B9F595000E6D32E /* ListSectionViewController.swift in Sources */ = {isa = PBXBuildFile; fileRef = EE41C2CB2B9F594F00E6D32E /* ListSectionViewController.swift */; };
		EE41C2CE2B9F596D00E6D32E /* ListSectionRouter.swift in Sources */ = {isa = PBXBuildFile; fileRef = EE41C2CD2B9F596D00E6D32E /* ListSectionRouter.swift */; };
		EE41C2D12B9F59A600E6D32E /* UIColor.swift in Sources */ = {isa = PBXBuildFile; fileRef = EE41C2D02B9F59A600E6D32E /* UIColor.swift */; };
/* End PBXBuildFile section */

/* Begin PBXContainerItemProxy section */
		EE41C2812B9F543C00E6D32E /* PBXContainerItemProxy */ = {
			isa = PBXContainerItemProxy;
			containerPortal = EE41C2622B9F543900E6D32E /* Project object */;
			proxyType = 1;
			remoteGlobalIDString = EE41C2692B9F543900E6D32E;
			remoteInfo = SearchableShows;
		};
		EE41C28B2B9F543D00E6D32E /* PBXContainerItemProxy */ = {
			isa = PBXContainerItemProxy;
			containerPortal = EE41C2622B9F543900E6D32E /* Project object */;
			proxyType = 1;
			remoteGlobalIDString = EE41C2692B9F543900E6D32E;
			remoteInfo = SearchableShows;
		};
/* End PBXContainerItemProxy section */

/* Begin PBXFileReference section */
		EE41C26A2B9F543900E6D32E /* SearchableShows.app */ = {isa = PBXFileReference; explicitFileType = wrapper.application; includeInIndex = 0; path = SearchableShows.app; sourceTree = BUILT_PRODUCTS_DIR; };
		EE41C26D2B9F543900E6D32E /* AppDelegate.swift */ = {isa = PBXFileReference; lastKnownFileType = sourcecode.swift; path = AppDelegate.swift; sourceTree = "<group>"; };
		EE41C26F2B9F543900E6D32E /* SceneDelegate.swift */ = {isa = PBXFileReference; lastKnownFileType = sourcecode.swift; path = SceneDelegate.swift; sourceTree = "<group>"; };
		EE41C2762B9F543C00E6D32E /* Assets.xcassets */ = {isa = PBXFileReference; lastKnownFileType = folder.assetcatalog; path = Assets.xcassets; sourceTree = "<group>"; };
		EE41C2792B9F543C00E6D32E /* Base */ = {isa = PBXFileReference; lastKnownFileType = file.storyboard; name = Base; path = Base.lproj/LaunchScreen.storyboard; sourceTree = "<group>"; };
		EE41C27B2B9F543C00E6D32E /* Info.plist */ = {isa = PBXFileReference; lastKnownFileType = text.plist.xml; path = Info.plist; sourceTree = "<group>"; };
		EE41C2802B9F543C00E6D32E /* SearchableShowsTests.xctest */ = {isa = PBXFileReference; explicitFileType = wrapper.cfbundle; includeInIndex = 0; path = SearchableShowsTests.xctest; sourceTree = BUILT_PRODUCTS_DIR; };
		EE41C2842B9F543D00E6D32E /* SearchableShowsTests.swift */ = {isa = PBXFileReference; lastKnownFileType = sourcecode.swift; path = SearchableShowsTests.swift; sourceTree = "<group>"; };
		EE41C28A2B9F543D00E6D32E /* SearchableShowsUITests.xctest */ = {isa = PBXFileReference; explicitFileType = wrapper.cfbundle; includeInIndex = 0; path = SearchableShowsUITests.xctest; sourceTree = BUILT_PRODUCTS_DIR; };
		EE41C28E2B9F543D00E6D32E /* SearchableShowsUITests.swift */ = {isa = PBXFileReference; lastKnownFileType = sourcecode.swift; path = SearchableShowsUITests.swift; sourceTree = "<group>"; };
		EE41C2902B9F543D00E6D32E /* SearchableShowsUITestsLaunchTests.swift */ = {isa = PBXFileReference; lastKnownFileType = sourcecode.swift; path = SearchableShowsUITestsLaunchTests.swift; sourceTree = "<group>"; };
		EE41C29E2B9F569300E6D32E /* Loadable.swift */ = {isa = PBXFileReference; lastKnownFileType = sourcecode.swift; path = Loadable.swift; sourceTree = "<group>"; };
		EE41C2A02B9F56A500E6D32E /* Error.swift */ = {isa = PBXFileReference; lastKnownFileType = sourcecode.swift; path = Error.swift; sourceTree = "<group>"; };
		EE41C2A32B9F56CE00E6D32E /* SectionUsecase.swift */ = {isa = PBXFileReference; lastKnownFileType = sourcecode.swift; path = SectionUsecase.swift; sourceTree = "<group>"; };
		EE41C2A52B9F56E500E6D32E /* AppDependencies.swift */ = {isa = PBXFileReference; lastKnownFileType = sourcecode.swift; path = AppDependencies.swift; sourceTree = "<group>"; };
		EE41C2A72B9F56FA00E6D32E /* MovieResponseModel.swift */ = {isa = PBXFileReference; lastKnownFileType = sourcecode.swift; path = MovieResponseModel.swift; sourceTree = "<group>"; };
		EE41C2AA2B9F575300E6D32E /* SectionRepository.swift */ = {isa = PBXFileReference; lastKnownFileType = sourcecode.swift; path = SectionRepository.swift; sourceTree = "<group>"; };
		EE41C2AF2B9F578900E6D32E /* NetworkService.swift */ = {isa = PBXFileReference; lastKnownFileType = sourcecode.swift; path = NetworkService.swift; sourceTree = "<group>"; };
		EE41C2B12B9F579A00E6D32E /* DataDecoder.swift */ = {isa = PBXFileReference; lastKnownFileType = sourcecode.swift; path = DataDecoder.swift; sourceTree = "<group>"; };
		EE41C2B32B9F57B100E6D32E /* EndPointTarget.swift */ = {isa = PBXFileReference; lastKnownFileType = sourcecode.swift; path = EndPointTarget.swift; sourceTree = "<group>"; };
		EE41C2B52B9F57C200E6D32E /* HTTPRequestProtocol.swift */ = {isa = PBXFileReference; lastKnownFileType = sourcecode.swift; path = HTTPRequestProtocol.swift; sourceTree = "<group>"; };
		EE41C2B82B9F581800E6D32E /* MovieServiceEndPoint.swift */ = {isa = PBXFileReference; lastKnownFileType = sourcecode.swift; path = MovieServiceEndPoint.swift; sourceTree = "<group>"; };
		EE41C2BB2B9F583300E6D32E /* CacheManager.swift */ = {isa = PBXFileReference; lastKnownFileType = sourcecode.swift; path = CacheManager.swift; sourceTree = "<group>"; };
		EE41C2C02B9F58B300E6D32E /* ListSection.swift */ = {isa = PBXFileReference; lastKnownFileType = sourcecode.swift; path = ListSection.swift; sourceTree = "<group>"; };
		EE41C2C22B9F58CA00E6D32E /* MovieCollectionLayout.swift */ = {isa = PBXFileReference; lastKnownFileType = sourcecode.swift; path = MovieCollectionLayout.swift; sourceTree = "<group>"; };
		EE41C2C42B9F58DC00E6D32E /* CollectionDataSource.swift */ = {isa = PBXFileReference; lastKnownFileType = sourcecode.swift; path = CollectionDataSource.swift; sourceTree = "<group>"; };
		EE41C2C72B9F591600E6D32E /* MovieBannerView.swift */ = {isa = PBXFileReference; lastKnownFileType = sourcecode.swift; path = MovieBannerView.swift; sourceTree = "<group>"; };
		EE41C2C92B9F593600E6D32E /* ListSectionViewModel.swift */ = {isa = PBXFileReference; lastKnownFileType = sourcecode.swift; path = ListSectionViewModel.swift; sourceTree = "<group>"; };
		EE41C2CB2B9F594F00E6D32E /* ListSectionViewController.swift */ = {isa = PBXFileReference; lastKnownFileType = sourcecode.swift; path = ListSectionViewController.swift; sourceTree = "<group>"; };
		EE41C2CD2B9F596D00E6D32E /* ListSectionRouter.swift */ = {isa = PBXFileReference; lastKnownFileType = sourcecode.swift; path = ListSectionRouter.swift; sourceTree = "<group>"; };
		EE41C2D02B9F59A600E6D32E /* UIColor.swift */ = {isa = PBXFileReference; lastKnownFileType = sourcecode.swift; path = UIColor.swift; sourceTree = "<group>"; };
/* End PBXFileReference section */

/* Begin PBXFrameworksBuildPhase section */
		EE41C2672B9F543900E6D32E /* Frameworks */ = {
			isa = PBXFrameworksBuildPhase;
			buildActionMask = 2147483647;
			files = (
			);
			runOnlyForDeploymentPostprocessing = 0;
		};
		EE41C27D2B9F543C00E6D32E /* Frameworks */ = {
			isa = PBXFrameworksBuildPhase;
			buildActionMask = 2147483647;
			files = (
			);
			runOnlyForDeploymentPostprocessing = 0;
		};
		EE41C2872B9F543D00E6D32E /* Frameworks */ = {
			isa = PBXFrameworksBuildPhase;
			buildActionMask = 2147483647;
			files = (
			);
			runOnlyForDeploymentPostprocessing = 0;
		};
/* End PBXFrameworksBuildPhase section */

/* Begin PBXGroup section */
		EE41C2612B9F543900E6D32E = {
			isa = PBXGroup;
			children = (
				EE41C26C2B9F543900E6D32E /* SearchableShows */,
				EE41C2832B9F543C00E6D32E /* SearchableShowsTests */,
				EE41C28D2B9F543D00E6D32E /* SearchableShowsUITests */,
				EE41C26B2B9F543900E6D32E /* Products */,
			);
			sourceTree = "<group>";
		};
		EE41C26B2B9F543900E6D32E /* Products */ = {
			isa = PBXGroup;
			children = (
				EE41C26A2B9F543900E6D32E /* SearchableShows.app */,
				EE41C2802B9F543C00E6D32E /* SearchableShowsTests.xctest */,
				EE41C28A2B9F543D00E6D32E /* SearchableShowsUITests.xctest */,
			);
			name = Products;
			sourceTree = "<group>";
		};
		EE41C26C2B9F543900E6D32E /* SearchableShows */ = {
			isa = PBXGroup;
			children = (
				EE41C2CF2B9F598100E6D32E /* Extensions */,
				EE41C2BD2B9F588500E6D32E /* Scenes */,
				EE41C26D2B9F543900E6D32E /* AppDelegate.swift */,
				EE41C26F2B9F543900E6D32E /* SceneDelegate.swift */,
				EE41C27B2B9F543C00E6D32E /* Info.plist */,
				EE41C29D2B9F568600E6D32E /* Models */,
				EE41C2A22B9F56B800E6D32E /* Domain */,
				EE41C2A92B9F574500E6D32E /* Repository */,
				EE41C2AC2B9F576800E6D32E /* Networking */,
				EE41C2762B9F543C00E6D32E /* Assets.xcassets */,
				EE41C2782B9F543C00E6D32E /* LaunchScreen.storyboard */,
			);
			path = SearchableShows;
			sourceTree = "<group>";
		};
		EE41C2832B9F543C00E6D32E /* SearchableShowsTests */ = {
			isa = PBXGroup;
			children = (
				EE41C2842B9F543D00E6D32E /* SearchableShowsTests.swift */,
			);
			path = SearchableShowsTests;
			sourceTree = "<group>";
		};
		EE41C28D2B9F543D00E6D32E /* SearchableShowsUITests */ = {
			isa = PBXGroup;
			children = (
				EE41C28E2B9F543D00E6D32E /* SearchableShowsUITests.swift */,
				EE41C2902B9F543D00E6D32E /* SearchableShowsUITestsLaunchTests.swift */,
			);
			path = SearchableShowsUITests;
			sourceTree = "<group>";
		};
		EE41C29D2B9F568600E6D32E /* Models */ = {
			isa = PBXGroup;
			children = (
				EE41C29E2B9F569300E6D32E /* Loadable.swift */,
				EE41C2A02B9F56A500E6D32E /* Error.swift */,
			);
			path = Models;
			sourceTree = "<group>";
		};
		EE41C2A22B9F56B800E6D32E /* Domain */ = {
			isa = PBXGroup;
			children = (
				EE41C2A32B9F56CE00E6D32E /* SectionUsecase.swift */,
				EE41C2A52B9F56E500E6D32E /* AppDependencies.swift */,
				EE41C2A72B9F56FA00E6D32E /* MovieResponseModel.swift */,
			);
			path = Domain;
			sourceTree = "<group>";
		};
		EE41C2A92B9F574500E6D32E /* Repository */ = {
			isa = PBXGroup;
			children = (
				EE41C2AA2B9F575300E6D32E /* SectionRepository.swift */,
			);
			path = Repository;
			sourceTree = "<group>";
		};
		EE41C2AC2B9F576800E6D32E /* Networking */ = {
			isa = PBXGroup;
			children = (
				EE41C2AD2B9F577300E6D32E /* Base */,
				EE41C2BA2B9F582500E6D32E /* Manager */,
				EE41C2B72B9F580A00E6D32E /* Service */,
			);
			path = Networking;
			sourceTree = "<group>";
		};
		EE41C2AD2B9F577300E6D32E /* Base */ = {
			isa = PBXGroup;
			children = (
				EE41C2AE2B9F577B00E6D32E /* Protocols */,
				EE41C2B32B9F57B100E6D32E /* EndPointTarget.swift */,
				EE41C2B52B9F57C200E6D32E /* HTTPRequestProtocol.swift */,
			);
			path = Base;
			sourceTree = "<group>";
		};
		EE41C2AE2B9F577B00E6D32E /* Protocols */ = {
			isa = PBXGroup;
			children = (
				EE41C2AF2B9F578900E6D32E /* NetworkService.swift */,
				EE41C2B12B9F579A00E6D32E /* DataDecoder.swift */,
			);
			path = Protocols;
			sourceTree = "<group>";
		};
		EE41C2B72B9F580A00E6D32E /* Service */ = {
			isa = PBXGroup;
			children = (
				EE41C2B82B9F581800E6D32E /* MovieServiceEndPoint.swift */,
			);
			path = Service;
			sourceTree = "<group>";
		};
		EE41C2BA2B9F582500E6D32E /* Manager */ = {
			isa = PBXGroup;
			children = (
				EE41C2BB2B9F583300E6D32E /* CacheManager.swift */,
			);
			path = Manager;
			sourceTree = "<group>";
		};
		EE41C2BD2B9F588500E6D32E /* Scenes */ = {
			isa = PBXGroup;
			children = (
				EE41C2BE2B9F589200E6D32E /* SectionList */,
			);
			path = Scenes;
			sourceTree = "<group>";
		};
		EE41C2BE2B9F589200E6D32E /* SectionList */ = {
			isa = PBXGroup;
			children = (
				EE41C2C62B9F590A00E6D32E /* Views */,
				EE41C2BF2B9F58A100E6D32E /* CollectionView */,
				EE41C2C92B9F593600E6D32E /* ListSectionViewModel.swift */,
				EE41C2CB2B9F594F00E6D32E /* ListSectionViewController.swift */,
				EE41C2CD2B9F596D00E6D32E /* ListSectionRouter.swift */,
			);
			path = SectionList;
			sourceTree = "<group>";
		};
		EE41C2BF2B9F58A100E6D32E /* CollectionView */ = {
			isa = PBXGroup;
			children = (
				EE41C2C02B9F58B300E6D32E /* ListSection.swift */,
				EE41C2C22B9F58CA00E6D32E /* MovieCollectionLayout.swift */,
				EE41C2C42B9F58DC00E6D32E /* CollectionDataSource.swift */,
			);
			path = CollectionView;
			sourceTree = "<group>";
		};
		EE41C2C62B9F590A00E6D32E /* Views */ = {
			isa = PBXGroup;
			children = (
				EE41C2C72B9F591600E6D32E /* MovieBannerView.swift */,
			);
			path = Views;
			sourceTree = "<group>";
		};
		EE41C2CF2B9F598100E6D32E /* Extensions */ = {
			isa = PBXGroup;
			children = (
				EE41C2D02B9F59A600E6D32E /* UIColor.swift */,
			);
			path = Extensions;
			sourceTree = "<group>";
		};
/* End PBXGroup section */

/* Begin PBXNativeTarget section */
		EE41C2692B9F543900E6D32E /* SearchableShows */ = {
			isa = PBXNativeTarget;
			buildConfigurationList = EE41C2942B9F543D00E6D32E /* Build configuration list for PBXNativeTarget "SearchableShows" */;
			buildPhases = (
				EE41C2662B9F543900E6D32E /* Sources */,
				EE41C2672B9F543900E6D32E /* Frameworks */,
				EE41C2682B9F543900E6D32E /* Resources */,
			);
			buildRules = (
			);
			dependencies = (
			);
			name = SearchableShows;
			productName = SearchableShows;
			productReference = EE41C26A2B9F543900E6D32E /* SearchableShows.app */;
			productType = "com.apple.product-type.application";
		};
		EE41C27F2B9F543C00E6D32E /* SearchableShowsTests */ = {
			isa = PBXNativeTarget;
			buildConfigurationList = EE41C2972B9F543D00E6D32E /* Build configuration list for PBXNativeTarget "SearchableShowsTests" */;
			buildPhases = (
				EE41C27C2B9F543C00E6D32E /* Sources */,
				EE41C27D2B9F543C00E6D32E /* Frameworks */,
				EE41C27E2B9F543C00E6D32E /* Resources */,
			);
			buildRules = (
			);
			dependencies = (
				EE41C2822B9F543C00E6D32E /* PBXTargetDependency */,
			);
			name = SearchableShowsTests;
			productName = SearchableShowsTests;
			productReference = EE41C2802B9F543C00E6D32E /* SearchableShowsTests.xctest */;
			productType = "com.apple.product-type.bundle.unit-test";
		};
		EE41C2892B9F543D00E6D32E /* SearchableShowsUITests */ = {
			isa = PBXNativeTarget;
			buildConfigurationList = EE41C29A2B9F543D00E6D32E /* Build configuration list for PBXNativeTarget "SearchableShowsUITests" */;
			buildPhases = (
				EE41C2862B9F543D00E6D32E /* Sources */,
				EE41C2872B9F543D00E6D32E /* Frameworks */,
				EE41C2882B9F543D00E6D32E /* Resources */,
			);
			buildRules = (
			);
			dependencies = (
				EE41C28C2B9F543D00E6D32E /* PBXTargetDependency */,
			);
			name = SearchableShowsUITests;
			productName = SearchableShowsUITests;
			productReference = EE41C28A2B9F543D00E6D32E /* SearchableShowsUITests.xctest */;
			productType = "com.apple.product-type.bundle.ui-testing";
		};
/* End PBXNativeTarget section */

/* Begin PBXProject section */
		EE41C2622B9F543900E6D32E /* Project object */ = {
			isa = PBXProject;
			attributes = {
				BuildIndependentTargetsInParallel = 1;
				LastSwiftUpdateCheck = 1530;
				LastUpgradeCheck = 1530;
				TargetAttributes = {
					EE41C2692B9F543900E6D32E = {
						CreatedOnToolsVersion = 15.3;
					};
					EE41C27F2B9F543C00E6D32E = {
						CreatedOnToolsVersion = 15.3;
						TestTargetID = EE41C2692B9F543900E6D32E;
					};
					EE41C2892B9F543D00E6D32E = {
						CreatedOnToolsVersion = 15.3;
						TestTargetID = EE41C2692B9F543900E6D32E;
					};
				};
			};
			buildConfigurationList = EE41C2652B9F543900E6D32E /* Build configuration list for PBXProject "SearchableShows" */;
			compatibilityVersion = "Xcode 14.0";
			developmentRegion = en;
			hasScannedForEncodings = 0;
			knownRegions = (
				en,
				Base,
			);
			mainGroup = EE41C2612B9F543900E6D32E;
			productRefGroup = EE41C26B2B9F543900E6D32E /* Products */;
			projectDirPath = "";
			projectRoot = "";
			targets = (
				EE41C2692B9F543900E6D32E /* SearchableShows */,
				EE41C27F2B9F543C00E6D32E /* SearchableShowsTests */,
				EE41C2892B9F543D00E6D32E /* SearchableShowsUITests */,
			);
		};
/* End PBXProject section */

/* Begin PBXResourcesBuildPhase section */
		EE41C2682B9F543900E6D32E /* Resources */ = {
			isa = PBXResourcesBuildPhase;
			buildActionMask = 2147483647;
			files = (
				EE41C2772B9F543C00E6D32E /* Assets.xcassets in Resources */,
				EE41C27A2B9F543C00E6D32E /* Base in Resources */,
			);
			runOnlyForDeploymentPostprocessing = 0;
		};
		EE41C27E2B9F543C00E6D32E /* Resources */ = {
			isa = PBXResourcesBuildPhase;
			buildActionMask = 2147483647;
			files = (
			);
			runOnlyForDeploymentPostprocessing = 0;
		};
		EE41C2882B9F543D00E6D32E /* Resources */ = {
			isa = PBXResourcesBuildPhase;
			buildActionMask = 2147483647;
			files = (
			);
			runOnlyForDeploymentPostprocessing = 0;
		};
/* End PBXResourcesBuildPhase section */

/* Begin PBXSourcesBuildPhase section */
		EE41C2662B9F543900E6D32E /* Sources */ = {
			isa = PBXSourcesBuildPhase;
			buildActionMask = 2147483647;
			files = (
				EE41C2C32B9F58CA00E6D32E /* MovieCollectionLayout.swift in Sources */,
				EE41C2B22B9F579A00E6D32E /* DataDecoder.swift in Sources */,
				EE41C2A62B9F56E500E6D32E /* AppDependencies.swift in Sources */,
				EE41C2C82B9F591600E6D32E /* MovieBannerView.swift in Sources */,
				EE41C2A82B9F56FA00E6D32E /* MovieResponseModel.swift in Sources */,
				EE41C2A12B9F56A500E6D32E /* Error.swift in Sources */,
				EE41C2B92B9F581800E6D32E /* MovieServiceEndPoint.swift in Sources */,
				EE41C2D12B9F59A600E6D32E /* UIColor.swift in Sources */,
				EE41C2A42B9F56CE00E6D32E /* SectionUsecase.swift in Sources */,
				EE41C2BC2B9F583300E6D32E /* CacheManager.swift in Sources */,
				EE41C2B02B9F578900E6D32E /* NetworkService.swift in Sources */,
				EE41C26E2B9F543900E6D32E /* AppDelegate.swift in Sources */,
				EE41C2702B9F543900E6D32E /* SceneDelegate.swift in Sources */,
				EE41C2B42B9F57B100E6D32E /* EndPointTarget.swift in Sources */,
				EE41C2CE2B9F596D00E6D32E /* ListSectionRouter.swift in Sources */,
				EE41C29F2B9F569300E6D32E /* Loadable.swift in Sources */,
				EE41C2AB2B9F575300E6D32E /* SectionRepository.swift in Sources */,
				EE41C2B62B9F57C200E6D32E /* HTTPRequestProtocol.swift in Sources */,
				EE41C2C52B9F58DC00E6D32E /* CollectionDataSource.swift in Sources */,
				EE41C2CA2B9F593600E6D32E /* ListSectionViewModel.swift in Sources */,
				EE41C2CC2B9F595000E6D32E /* ListSectionViewController.swift in Sources */,
				EE41C2C12B9F58B300E6D32E /* ListSection.swift in Sources */,
			);
			runOnlyForDeploymentPostprocessing = 0;
		};
		EE41C27C2B9F543C00E6D32E /* Sources */ = {
			isa = PBXSourcesBuildPhase;
			buildActionMask = 2147483647;
			files = (
				EE41C2852B9F543D00E6D32E /* SearchableShowsTests.swift in Sources */,
			);
			runOnlyForDeploymentPostprocessing = 0;
		};
		EE41C2862B9F543D00E6D32E /* Sources */ = {
			isa = PBXSourcesBuildPhase;
			buildActionMask = 2147483647;
			files = (
				EE41C28F2B9F543D00E6D32E /* SearchableShowsUITests.swift in Sources */,
				EE41C2912B9F543D00E6D32E /* SearchableShowsUITestsLaunchTests.swift in Sources */,
			);
			runOnlyForDeploymentPostprocessing = 0;
		};
/* End PBXSourcesBuildPhase section */

/* Begin PBXTargetDependency section */
		EE41C2822B9F543C00E6D32E /* PBXTargetDependency */ = {
			isa = PBXTargetDependency;
			target = EE41C2692B9F543900E6D32E /* SearchableShows */;
			targetProxy = EE41C2812B9F543C00E6D32E /* PBXContainerItemProxy */;
		};
		EE41C28C2B9F543D00E6D32E /* PBXTargetDependency */ = {
			isa = PBXTargetDependency;
			target = EE41C2692B9F543900E6D32E /* SearchableShows */;
			targetProxy = EE41C28B2B9F543D00E6D32E /* PBXContainerItemProxy */;
		};
/* End PBXTargetDependency section */

/* Begin PBXVariantGroup section */
		EE41C2782B9F543C00E6D32E /* LaunchScreen.storyboard */ = {
			isa = PBXVariantGroup;
			children = (
				EE41C2792B9F543C00E6D32E /* Base */,
			);
			name = LaunchScreen.storyboard;
			sourceTree = "<group>";
		};
/* End PBXVariantGroup section */

/* Begin XCBuildConfiguration section */
		EE41C2922B9F543D00E6D32E /* Debug */ = {
			isa = XCBuildConfiguration;
			buildSettings = {
				ALWAYS_SEARCH_USER_PATHS = NO;
				ASSETCATALOG_COMPILER_GENERATE_SWIFT_ASSET_SYMBOL_EXTENSIONS = YES;
				CLANG_ANALYZER_NONNULL = YES;
				CLANG_ANALYZER_NUMBER_OBJECT_CONVERSION = YES_AGGRESSIVE;
				CLANG_CXX_LANGUAGE_STANDARD = "gnu++20";
				CLANG_ENABLE_MODULES = YES;
				CLANG_ENABLE_OBJC_ARC = YES;
				CLANG_ENABLE_OBJC_WEAK = YES;
				CLANG_WARN_BLOCK_CAPTURE_AUTORELEASING = YES;
				CLANG_WARN_BOOL_CONVERSION = YES;
				CLANG_WARN_COMMA = YES;
				CLANG_WARN_CONSTANT_CONVERSION = YES;
				CLANG_WARN_DEPRECATED_OBJC_IMPLEMENTATIONS = YES;
				CLANG_WARN_DIRECT_OBJC_ISA_USAGE = YES_ERROR;
				CLANG_WARN_DOCUMENTATION_COMMENTS = YES;
				CLANG_WARN_EMPTY_BODY = YES;
				CLANG_WARN_ENUM_CONVERSION = YES;
				CLANG_WARN_INFINITE_RECURSION = YES;
				CLANG_WARN_INT_CONVERSION = YES;
				CLANG_WARN_NON_LITERAL_NULL_CONVERSION = YES;
				CLANG_WARN_OBJC_IMPLICIT_RETAIN_SELF = YES;
				CLANG_WARN_OBJC_LITERAL_CONVERSION = YES;
				CLANG_WARN_OBJC_ROOT_CLASS = YES_ERROR;
				CLANG_WARN_QUOTED_INCLUDE_IN_FRAMEWORK_HEADER = YES;
				CLANG_WARN_RANGE_LOOP_ANALYSIS = YES;
				CLANG_WARN_STRICT_PROTOTYPES = YES;
				CLANG_WARN_SUSPICIOUS_MOVE = YES;
				CLANG_WARN_UNGUARDED_AVAILABILITY = YES_AGGRESSIVE;
				CLANG_WARN_UNREACHABLE_CODE = YES;
				CLANG_WARN__DUPLICATE_METHOD_MATCH = YES;
				COPY_PHASE_STRIP = NO;
				DEBUG_INFORMATION_FORMAT = dwarf;
				ENABLE_STRICT_OBJC_MSGSEND = YES;
				ENABLE_TESTABILITY = YES;
				ENABLE_USER_SCRIPT_SANDBOXING = YES;
				GCC_C_LANGUAGE_STANDARD = gnu17;
				GCC_DYNAMIC_NO_PIC = NO;
				GCC_NO_COMMON_BLOCKS = YES;
				GCC_OPTIMIZATION_LEVEL = 0;
				GCC_PREPROCESSOR_DEFINITIONS = (
					"DEBUG=1",
					"$(inherited)",
				);
				GCC_WARN_64_TO_32_BIT_CONVERSION = YES;
				GCC_WARN_ABOUT_RETURN_TYPE = YES_ERROR;
				GCC_WARN_UNDECLARED_SELECTOR = YES;
				GCC_WARN_UNINITIALIZED_AUTOS = YES_AGGRESSIVE;
				GCC_WARN_UNUSED_FUNCTION = YES;
				GCC_WARN_UNUSED_VARIABLE = YES;
				IPHONEOS_DEPLOYMENT_TARGET = 17.4;
				LOCALIZATION_PREFERS_STRING_CATALOGS = YES;
				MTL_ENABLE_DEBUG_INFO = INCLUDE_SOURCE;
				MTL_FAST_MATH = YES;
				ONLY_ACTIVE_ARCH = YES;
				SDKROOT = iphoneos;
				SWIFT_ACTIVE_COMPILATION_CONDITIONS = "DEBUG $(inherited)";
				SWIFT_OPTIMIZATION_LEVEL = "-Onone";
			};
			name = Debug;
		};
		EE41C2932B9F543D00E6D32E /* Release */ = {
			isa = XCBuildConfiguration;
			buildSettings = {
				ALWAYS_SEARCH_USER_PATHS = NO;
				ASSETCATALOG_COMPILER_GENERATE_SWIFT_ASSET_SYMBOL_EXTENSIONS = YES;
				CLANG_ANALYZER_NONNULL = YES;
				CLANG_ANALYZER_NUMBER_OBJECT_CONVERSION = YES_AGGRESSIVE;
				CLANG_CXX_LANGUAGE_STANDARD = "gnu++20";
				CLANG_ENABLE_MODULES = YES;
				CLANG_ENABLE_OBJC_ARC = YES;
				CLANG_ENABLE_OBJC_WEAK = YES;
				CLANG_WARN_BLOCK_CAPTURE_AUTORELEASING = YES;
				CLANG_WARN_BOOL_CONVERSION = YES;
				CLANG_WARN_COMMA = YES;
				CLANG_WARN_CONSTANT_CONVERSION = YES;
				CLANG_WARN_DEPRECATED_OBJC_IMPLEMENTATIONS = YES;
				CLANG_WARN_DIRECT_OBJC_ISA_USAGE = YES_ERROR;
				CLANG_WARN_DOCUMENTATION_COMMENTS = YES;
				CLANG_WARN_EMPTY_BODY = YES;
				CLANG_WARN_ENUM_CONVERSION = YES;
				CLANG_WARN_INFINITE_RECURSION = YES;
				CLANG_WARN_INT_CONVERSION = YES;
				CLANG_WARN_NON_LITERAL_NULL_CONVERSION = YES;
				CLANG_WARN_OBJC_IMPLICIT_RETAIN_SELF = YES;
				CLANG_WARN_OBJC_LITERAL_CONVERSION = YES;
				CLANG_WARN_OBJC_ROOT_CLASS = YES_ERROR;
				CLANG_WARN_QUOTED_INCLUDE_IN_FRAMEWORK_HEADER = YES;
				CLANG_WARN_RANGE_LOOP_ANALYSIS = YES;
				CLANG_WARN_STRICT_PROTOTYPES = YES;
				CLANG_WARN_SUSPICIOUS_MOVE = YES;
				CLANG_WARN_UNGUARDED_AVAILABILITY = YES_AGGRESSIVE;
				CLANG_WARN_UNREACHABLE_CODE = YES;
				CLANG_WARN__DUPLICATE_METHOD_MATCH = YES;
				COPY_PHASE_STRIP = NO;
				DEBUG_INFORMATION_FORMAT = "dwarf-with-dsym";
				ENABLE_NS_ASSERTIONS = NO;
				ENABLE_STRICT_OBJC_MSGSEND = YES;
				ENABLE_USER_SCRIPT_SANDBOXING = YES;
				GCC_C_LANGUAGE_STANDARD = gnu17;
				GCC_NO_COMMON_BLOCKS = YES;
				GCC_WARN_64_TO_32_BIT_CONVERSION = YES;
				GCC_WARN_ABOUT_RETURN_TYPE = YES_ERROR;
				GCC_WARN_UNDECLARED_SELECTOR = YES;
				GCC_WARN_UNINITIALIZED_AUTOS = YES_AGGRESSIVE;
				GCC_WARN_UNUSED_FUNCTION = YES;
				GCC_WARN_UNUSED_VARIABLE = YES;
				IPHONEOS_DEPLOYMENT_TARGET = 17.4;
				LOCALIZATION_PREFERS_STRING_CATALOGS = YES;
				MTL_ENABLE_DEBUG_INFO = NO;
				MTL_FAST_MATH = YES;
				SDKROOT = iphoneos;
				SWIFT_COMPILATION_MODE = wholemodule;
				VALIDATE_PRODUCT = YES;
			};
			name = Release;
		};
		EE41C2952B9F543D00E6D32E /* Debug */ = {
			isa = XCBuildConfiguration;
			buildSettings = {
				ASSETCATALOG_COMPILER_APPICON_NAME = AppIcon;
				ASSETCATALOG_COMPILER_GLOBAL_ACCENT_COLOR_NAME = AccentColor;
				CODE_SIGN_STYLE = Automatic;
				CURRENT_PROJECT_VERSION = 1;
				DEVELOPMENT_TEAM = DC8T5S5UT9;
				GENERATE_INFOPLIST_FILE = YES;
				INFOPLIST_FILE = SearchableShows/Info.plist;
				INFOPLIST_KEY_UIApplicationSupportsIndirectInputEvents = YES;
				INFOPLIST_KEY_UILaunchStoryboardName = LaunchScreen;
				INFOPLIST_KEY_UISupportedInterfaceOrientations_iPad = "UIInterfaceOrientationPortrait UIInterfaceOrientationPortraitUpsideDown UIInterfaceOrientationLandscapeLeft UIInterfaceOrientationLandscapeRight";
				INFOPLIST_KEY_UISupportedInterfaceOrientations_iPhone = "UIInterfaceOrientationPortrait UIInterfaceOrientationLandscapeLeft UIInterfaceOrientationLandscapeRight";
				LD_RUNPATH_SEARCH_PATHS = (
					"$(inherited)",
					"@executable_path/Frameworks",
				);
				MARKETING_VERSION = 1.0;
				PRODUCT_BUNDLE_IDENTIFIER = wise.SearchableShows;
				PRODUCT_NAME = "$(TARGET_NAME)";
				SWIFT_EMIT_LOC_STRINGS = YES;
				SWIFT_VERSION = 5.0;
				TARGETED_DEVICE_FAMILY = "1,2";
			};
			name = Debug;
		};
		EE41C2962B9F543D00E6D32E /* Release */ = {
			isa = XCBuildConfiguration;
			buildSettings = {
				ASSETCATALOG_COMPILER_APPICON_NAME = AppIcon;
				ASSETCATALOG_COMPILER_GLOBAL_ACCENT_COLOR_NAME = AccentColor;
				CODE_SIGN_STYLE = Automatic;
				CURRENT_PROJECT_VERSION = 1;
				DEVELOPMENT_TEAM = DC8T5S5UT9;
				GENERATE_INFOPLIST_FILE = YES;
				INFOPLIST_FILE = SearchableShows/Info.plist;
				INFOPLIST_KEY_UIApplicationSupportsIndirectInputEvents = YES;
				INFOPLIST_KEY_UILaunchStoryboardName = LaunchScreen;
				INFOPLIST_KEY_UISupportedInterfaceOrientations_iPad = "UIInterfaceOrientationPortrait UIInterfaceOrientationPortraitUpsideDown UIInterfaceOrientationLandscapeLeft UIInterfaceOrientationLandscapeRight";
				INFOPLIST_KEY_UISupportedInterfaceOrientations_iPhone = "UIInterfaceOrientationPortrait UIInterfaceOrientationLandscapeLeft UIInterfaceOrientationLandscapeRight";
				LD_RUNPATH_SEARCH_PATHS = (
					"$(inherited)",
					"@executable_path/Frameworks",
				);
				MARKETING_VERSION = 1.0;
				PRODUCT_BUNDLE_IDENTIFIER = wise.SearchableShows;
				PRODUCT_NAME = "$(TARGET_NAME)";
				SWIFT_EMIT_LOC_STRINGS = YES;
				SWIFT_VERSION = 5.0;
				TARGETED_DEVICE_FAMILY = "1,2";
			};
			name = Release;
		};
		EE41C2982B9F543D00E6D32E /* Debug */ = {
			isa = XCBuildConfiguration;
			buildSettings = {
				ALWAYS_EMBED_SWIFT_STANDARD_LIBRARIES = YES;
				BUNDLE_LOADER = "$(TEST_HOST)";
				CODE_SIGN_STYLE = Automatic;
				CURRENT_PROJECT_VERSION = 1;
				DEVELOPMENT_TEAM = DC8T5S5UT9;
				GENERATE_INFOPLIST_FILE = YES;
				IPHONEOS_DEPLOYMENT_TARGET = 17.4;
				MARKETING_VERSION = 1.0;
				PRODUCT_BUNDLE_IDENTIFIER = wise.SearchableShowsTests;
				PRODUCT_NAME = "$(TARGET_NAME)";
				SWIFT_EMIT_LOC_STRINGS = NO;
				SWIFT_VERSION = 5.0;
				TARGETED_DEVICE_FAMILY = "1,2";
				TEST_HOST = "$(BUILT_PRODUCTS_DIR)/SearchableShows.app/$(BUNDLE_EXECUTABLE_FOLDER_PATH)/SearchableShows";
			};
			name = Debug;
		};
		EE41C2992B9F543D00E6D32E /* Release */ = {
			isa = XCBuildConfiguration;
			buildSettings = {
				ALWAYS_EMBED_SWIFT_STANDARD_LIBRARIES = YES;
				BUNDLE_LOADER = "$(TEST_HOST)";
				CODE_SIGN_STYLE = Automatic;
				CURRENT_PROJECT_VERSION = 1;
				DEVELOPMENT_TEAM = DC8T5S5UT9;
				GENERATE_INFOPLIST_FILE = YES;
				IPHONEOS_DEPLOYMENT_TARGET = 17.4;
				MARKETING_VERSION = 1.0;
				PRODUCT_BUNDLE_IDENTIFIER = wise.SearchableShowsTests;
				PRODUCT_NAME = "$(TARGET_NAME)";
				SWIFT_EMIT_LOC_STRINGS = NO;
				SWIFT_VERSION = 5.0;
				TARGETED_DEVICE_FAMILY = "1,2";
				TEST_HOST = "$(BUILT_PRODUCTS_DIR)/SearchableShows.app/$(BUNDLE_EXECUTABLE_FOLDER_PATH)/SearchableShows";
			};
			name = Release;
		};
		EE41C29B2B9F543D00E6D32E /* Debug */ = {
			isa = XCBuildConfiguration;
			buildSettings = {
				ALWAYS_EMBED_SWIFT_STANDARD_LIBRARIES = YES;
				CODE_SIGN_STYLE = Automatic;
				CURRENT_PROJECT_VERSION = 1;
				DEVELOPMENT_TEAM = DC8T5S5UT9;
				GENERATE_INFOPLIST_FILE = YES;
				MARKETING_VERSION = 1.0;
				PRODUCT_BUNDLE_IDENTIFIER = wise.SearchableShowsUITests;
				PRODUCT_NAME = "$(TARGET_NAME)";
				SWIFT_EMIT_LOC_STRINGS = NO;
				SWIFT_VERSION = 5.0;
				TARGETED_DEVICE_FAMILY = "1,2";
				TEST_TARGET_NAME = SearchableShows;
			};
			name = Debug;
		};
		EE41C29C2B9F543D00E6D32E /* Release */ = {
			isa = XCBuildConfiguration;
			buildSettings = {
				ALWAYS_EMBED_SWIFT_STANDARD_LIBRARIES = YES;
				CODE_SIGN_STYLE = Automatic;
				CURRENT_PROJECT_VERSION = 1;
				DEVELOPMENT_TEAM = DC8T5S5UT9;
				GENERATE_INFOPLIST_FILE = YES;
				MARKETING_VERSION = 1.0;
				PRODUCT_BUNDLE_IDENTIFIER = wise.SearchableShowsUITests;
				PRODUCT_NAME = "$(TARGET_NAME)";
				SWIFT_EMIT_LOC_STRINGS = NO;
				SWIFT_VERSION = 5.0;
				TARGETED_DEVICE_FAMILY = "1,2";
				TEST_TARGET_NAME = SearchableShows;
			};
			name = Release;
		};
/* End XCBuildConfiguration section */

/* Begin XCConfigurationList section */
		EE41C2652B9F543900E6D32E /* Build configuration list for PBXProject "SearchableShows" */ = {
			isa = XCConfigurationList;
			buildConfigurations = (
				EE41C2922B9F543D00E6D32E /* Debug */,
				EE41C2932B9F543D00E6D32E /* Release */,
			);
			defaultConfigurationIsVisible = 0;
			defaultConfigurationName = Release;
		};
		EE41C2942B9F543D00E6D32E /* Build configuration list for PBXNativeTarget "SearchableShows" */ = {
			isa = XCConfigurationList;
			buildConfigurations = (
				EE41C2952B9F543D00E6D32E /* Debug */,
				EE41C2962B9F543D00E6D32E /* Release */,
			);
			defaultConfigurationIsVisible = 0;
			defaultConfigurationName = Release;
		};
		EE41C2972B9F543D00E6D32E /* Build configuration list for PBXNativeTarget "SearchableShowsTests" */ = {
			isa = XCConfigurationList;
			buildConfigurations = (
				EE41C2982B9F543D00E6D32E /* Debug */,
				EE41C2992B9F543D00E6D32E /* Release */,
			);
			defaultConfigurationIsVisible = 0;
			defaultConfigurationName = Release;
		};
		EE41C29A2B9F543D00E6D32E /* Build configuration list for PBXNativeTarget "SearchableShowsUITests" */ = {
			isa = XCConfigurationList;
			buildConfigurations = (
				EE41C29B2B9F543D00E6D32E /* Debug */,
				EE41C29C2B9F543D00E6D32E /* Release */,
			);
			defaultConfigurationIsVisible = 0;
			defaultConfigurationName = Release;
		};
/* End XCConfigurationList section */
	};
	rootObject = EE41C2622B9F543900E6D32E /* Project object */;
}
